
Microsoft Visual Studio Solution File, Format Version 12.00
# Visual Studio Version 17
VisualStudioVersion = 17.10.35122.118
MinimumVisualStudioVersion = 10.0.40219.1
Project("{9A19103F-16F7-4668-BE54-9A1E7A4F7556}") = "AngularNetApi", "AngularNetApi\AngularNetApi.csproj", "{B16536BE-F609-4559-8C2C-1663FCD34ACA}"
EndProject
Project("{E53339B2-1760-4266-BCC7-CA923CBCF16C}") = "docker-compose", "docker-compose.dcproj", "{3137F791-E2C1-4600-92B5-632EBAAC374A}"
EndProject
Global
	GlobalSection(SolutionConfigurationPlatforms) = preSolution
		Debug|Any CPU = Debug|Any CPU
		Release|Any CPU = Release|Any CPU
	EndGlobalSection
	GlobalSection(ProjectConfigurationPlatforms) = postSolution
		{B16536BE-F609-4559-8C2C-1663FCD34ACA}.Debug|Any CPU.ActiveCfg = Debug|Any CPU
		{B16536BE-F609-4559-8C2C-1663FCD34ACA}.Debug|Any CPU.Build.0 = Debug|Any CPU
		{B16536BE-F609-4559-8C2C-1663FCD34ACA}.Release|Any CPU.ActiveCfg = Release|Any CPU
		{B16536BE-F609-4559-8C2C-1663FCD34ACA}.Release|Any CPU.Build.0 = Release|Any CPU
		{3137F791-E2C1-4600-92B5-632EBAAC374A}.Debug|Any CPU.ActiveCfg = Debug|Any CPU
		{3137F791-E2C1-4600-92B5-632EBAAC374A}.Debug|Any CPU.Build.0 = Debug|Any CPU
		{3137F791-E2C1-4600-92B5-632EBAAC374A}.Release|Any CPU.ActiveCfg = Release|Any CPU
		{3137F791-E2C1-4600-92B5-632EBAAC374A}.Release|Any CPU.Build.0 = Release|Any CPU
	EndGlobalSection
	GlobalSection(SolutionProperties) = preSolution
		HideSolutionNode = FALSE
	EndGlobalSection
	GlobalSection(ExtensibilityGlobals) = postSolution
		SolutionGuid = {B7D9FE2A-00F8-4E09-85B1-CB70ECF2C8CC}
	EndGlobalSection
EndGlobal
